
Microsoft Visual Studio Solution File, Format Version 12.00
# Visual Studio Version 17
VisualStudioVersion = 17.12.35527.113 d17.12
MinimumVisualStudioVersion = 10.0.40219.1
Project("{FAE04EC0-301F-11D3-BF4B-00C04F79EFBC}") = "Pedidos.API", "Pedidos.API\Pedidos.API.csproj", "{2E58A8A7-44D6-4C2B-B4A4-414D3BCD18F2}"
EndProject
Project("{FAE04EC0-301F-11D3-BF4B-00C04F79EFBC}") = "Pedidos.Application", "Pedidos,Application\Pedidos.Application.csproj", "{E9202A41-F71B-4902-ADB4-659A2E9F3992}"
EndProject
Project("{FAE04EC0-301F-11D3-BF4B-00C04F79EFBC}") = "Pedidos.Core", "Pedidos.Core\Pedidos.Core.csproj", "{C9FAACB2-9058-4C0D-B575-D188AA8F7455}"
EndProject
Project("{FAE04EC0-301F-11D3-BF4B-00C04F79EFBC}") = "Pedidos.infrastructure", "Pedidos.Infrasctruture\Pedidos.infrastructure.csproj", "{077AFD52-F3C1-44B3-9CF5-FBE2325D1434}"
EndProject
Global
	GlobalSection(SolutionConfigurationPlatforms) = preSolution
		Debug|Any CPU = Debug|Any CPU
		Release|Any CPU = Release|Any CPU
	EndGlobalSection
	GlobalSection(ProjectConfigurationPlatforms) = postSolution
		{2E58A8A7-44D6-4C2B-B4A4-414D3BCD18F2}.Debug|Any CPU.ActiveCfg = Debug|Any CPU
		{2E58A8A7-44D6-4C2B-B4A4-414D3BCD18F2}.Debug|Any CPU.Build.0 = Debug|Any CPU
		{2E58A8A7-44D6-4C2B-B4A4-414D3BCD18F2}.Release|Any CPU.ActiveCfg = Release|Any CPU
		{2E58A8A7-44D6-4C2B-B4A4-414D3BCD18F2}.Release|Any CPU.Build.0 = Release|Any CPU
		{E9202A41-F71B-4902-ADB4-659A2E9F3992}.Debug|Any CPU.ActiveCfg = Debug|Any CPU
		{E9202A41-F71B-4902-ADB4-659A2E9F3992}.Debug|Any CPU.Build.0 = Debug|Any CPU
		{E9202A41-F71B-4902-ADB4-659A2E9F3992}.Release|Any CPU.ActiveCfg = Release|Any CPU
		{E9202A41-F71B-4902-ADB4-659A2E9F3992}.Release|Any CPU.Build.0 = Release|Any CPU
		{C9FAACB2-9058-4C0D-B575-D188AA8F7455}.Debug|Any CPU.ActiveCfg = Debug|Any CPU
		{C9FAACB2-9058-4C0D-B575-D188AA8F7455}.Debug|Any CPU.Build.0 = Debug|Any CPU
		{C9FAACB2-9058-4C0D-B575-D188AA8F7455}.Release|Any CPU.ActiveCfg = Release|Any CPU
		{C9FAACB2-9058-4C0D-B575-D188AA8F7455}.Release|Any CPU.Build.0 = Release|Any CPU
		{077AFD52-F3C1-44B3-9CF5-FBE2325D1434}.Debug|Any CPU.ActiveCfg = Debug|Any CPU
		{077AFD52-F3C1-44B3-9CF5-FBE2325D1434}.Debug|Any CPU.Build.0 = Debug|Any CPU
		{077AFD52-F3C1-44B3-9CF5-FBE2325D1434}.Release|Any CPU.ActiveCfg = Release|Any CPU
		{077AFD52-F3C1-44B3-9CF5-FBE2325D1434}.Release|Any CPU.Build.0 = Release|Any CPU
	EndGlobalSection
	GlobalSection(SolutionProperties) = preSolution
		HideSolutionNode = FALSE
	EndGlobalSection
EndGlobal
